<?xml version="1.0" encoding="utf-8"?>
<Project ToolsVersion="4.0" xmlns="http://schemas.microsoft.com/developer/msbuild/2003">
  <ItemGroup>
    <Filter Include="Core">
      <UniqueIdentifier>{3f90244a-212f-421b-8880-d74704b896a5}</UniqueIdentifier>
    </Filter>
    <Filter Include="Core\Include">
      <UniqueIdentifier>{972f86b4-6341-4e8a-96ac-25201a0c6c1d}</UniqueIdentifier>
    </Filter>
    <Filter Include="DataEngine">
      <UniqueIdentifier>{d9e33fa8-2346-49de-83e0-d7c48effc3ca}</UniqueIdentifier>
    </Filter>
    <Filter Include="DataEngine\Include">
      <UniqueIdentifier>{6a1d47c0-5896-4192-ae38-3f605b3c865f}</UniqueIdentifier>
    </Filter>
    <Filter Include="Messages">
      <UniqueIdentifier>{230bf8ab-2f55-4781-902a-4aa0d71c166d}</UniqueIdentifier>
    </Filter>
    <Filter Include="Common">
      <UniqueIdentifier>{47eda9ab-cf49-48c1-bd80-1d7720998400}</UniqueIdentifier>
    </Filter>
    <Filter Include="Common\Include">
      <UniqueIdentifier>{b4c5bd3b-e89c-45c7-abe0-26a76f733fcb}</UniqueIdentifier>
    </Filter>
    <Filter Include="Resources">
      <UniqueIdentifier>{19409707-dd15-4d17-b31e-dacf7b308b8e}</UniqueIdentifier>
    </Filter>
    <Filter Include="Setup">
      <UniqueIdentifier>{a9816d1a-c0c9-4dda-adcf-c05f93aa5f94}</UniqueIdentifier>
    </Filter>
    <Filter Include="Setup\Include">
      <UniqueIdentifier>{87313a12-b506-4aa8-9587-74ad0bc34512}</UniqueIdentifier>
    </Filter>
    <Filter Include="DataEngine\Filter">
      <UniqueIdentifier>{3e9c5d59-38df-44c7-97d0-1c6aac076a78}</UniqueIdentifier>
    </Filter>
    <Filter Include="DataEngine\Filter\include">
      <UniqueIdentifier>{df672daa-e671-4cb8-8c92-58c5c822f063}</UniqueIdentifier>
    </Filter>
    <Filter Include="Include">
      <UniqueIdentifier>{98b68218-dde2-48ac-9160-dcdab75d91ee}</UniqueIdentifier>
    </Filter>
  </ItemGroup>
  <ItemGroup>
    <ClCompile Include="Core\QSConnection.cpp">
      <Filter>Core</Filter>
    </ClCompile>
    <ClCompile Include="Core\QSConnectionDialog.cpp">
      <Filter>Core</Filter>
    </ClCompile>
    <ClCompile Include="Core\QSDriver.cpp">
      <Filter>Core</Filter>
    </ClCompile>
    <ClCompile Include="Core\QSEnvironment.cpp">
      <Filter>Core</Filter>
    </ClCompile>
    <ClCompile Include="Core\QSStatement.cpp">
      <Filter>Core</Filter>
    </ClCompile>
    <ClCompile Include="DataEngine\QSDataEngine.cpp">
      <Filter>DataEngine</Filter>
    </ClCompile>
    <ClCompile Include="DataEngine\QSMetadataHelper.cpp">
      <Filter>DataEngine</Filter>
    </ClCompile>
    <ClCompile Include="DataEngine\QSTable.cpp">
      <Filter>DataEngine</Filter>
    </ClCompile>
    <ClCompile Include="DataEngine\QSTypeInfoMetadataSource.cpp">
      <Filter>DataEngine</Filter>
    </ClCompile>
    <ClCompile Include="Common\QSUtilities_Windows.cpp">
      <Filter>Common</Filter>
    </ClCompile>
    <ClCompile Include="Common\TabbedUnicodeFileReader.cpp">
      <Filter>Common</Filter>
    </ClCompile>
    <ClCompile Include="Main_Windows.cpp" />
    <ClCompile Include="Setup\ConfigDSN.cpp">
      <Filter>Setup</Filter>
    </ClCompile>
    <ClCompile Include="Setup\QSDSNConfiguration.cpp">
      <Filter>Setup</Filter>
    </ClCompile>
    <ClCompile Include="Setup\QSResourceHelper.cpp">
      <Filter>Setup</Filter>
    </ClCompile>
    <ClCompile Include="Setup\QSSetupException.cpp">
      <Filter>Setup</Filter>
    </ClCompile>
    <ClCompile Include="Setup\QSTestResultDialog.cpp">
      <Filter>Setup</Filter>
    </ClCompile>
    <ClCompile Include="Common\QSTableMetadataFile.cpp">
      <Filter>Common</Filter>
    </ClCompile>
    <ClCompile Include="Setup\QSBaseDialog.cpp">
      <Filter>Setup</Filter>
    </ClCompile>
    <ClCompile Include="Setup\QSLoggingDialog.cpp">
      <Filter>Setup</Filter>
    </ClCompile>
    <ClCompile Include="Setup\QSMainDialog.cpp">
      <Filter>Setup</Filter>
    </ClCompile>
    <ClCompile Include="Core\IsysConn.cpp">
      <Filter>Core</Filter>
    </ClCompile>
    <ClCompile Include="DataEngine\Filter\CPassdownInfo.cpp">
      <Filter>DataEngine\Filter</Filter>
    </ClCompile>
    <ClCompile Include="DataEngine\Filter\OperationHandlerFactory.cpp">
      <Filter>DataEngine\Filter</Filter>
    </ClCompile>
    <ClCompile Include="DataEngine\Filter\FilterHandler.cpp">
      <Filter>DataEngine\Filter</Filter>
    </ClCompile>
    <ClCompile Include="DataEngine\Filter\FilterResult.cpp">
      <Filter>DataEngine\Filter</Filter>
    </ClCompile>
    <ClCompile Include="DataEngine\Filter\IsysParameter.cpp">
      <Filter>DataEngine</Filter>
    </ClCompile>
    <ClCompile Include="Common\IsysTable.cpp">
      <Filter>Common</Filter>
    </ClCompile>
    <ClCompile Include="IsysResult.cpp">
      <Filter>DataEngine</Filter>
    </ClCompile>
    <ClCompile Include="DataEngine\Filter\CIAggregationHandler.cpp">
      <Filter>DataEngine\Filter</Filter>
    </ClCompile>
  </ItemGroup>
  <ItemGroup>
    <ClInclude Include="Core\QSConnection.h">
      <Filter>Core\Include</Filter>
    </ClInclude>
    <ClInclude Include="Core\QSConnectionDialog.h">
      <Filter>Core\Include</Filter>
    </ClInclude>
    <ClInclude Include="Core\QSDriver.h">
      <Filter>Core\Include</Filter>
    </ClInclude>
    <ClInclude Include="Core\QSEnvironment.h">
      <Filter>Core\Include</Filter>
    </ClInclude>
    <ClInclude Include="Core\QSStatement.h">
      <Filter>Core\Include</Filter>
    </ClInclude>
    <ClInclude Include="DataEngine\QSDataEngine.h">
      <Filter>DataEngine\Include</Filter>
    </ClInclude>
    <ClInclude Include="DataEngine\QSMetadataHelper.h">
      <Filter>DataEngine\Include</Filter>
    </ClInclude>
    <ClInclude Include="DataEngine\QSTypeInfoMetadataSource.h">
      <Filter>DataEngine\Include</Filter>
    </ClInclude>
    <ClInclude Include="Common\QSTableMetadataFile.h">
      <Filter>Common\Include</Filter>
    </ClInclude>
    <ClInclude Include="Common\QSUtilities.h">
      <Filter>Common\Include</Filter>
    </ClInclude>
    <ClInclude Include="Common\TabbedUnicodeFileReader.h">
      <Filter>Common\Include</Filter>
    </ClInclude>
    <ClInclude Include="Quickstart.h" />
    <ClInclude Include="Resources\VersionResource.h">
      <Filter>Resources</Filter>
    </ClInclude>
    <ClInclude Include="Resources\resource.h">
      <Filter>Resources</Filter>
    </ClInclude>
    <ClInclude Include="Setup\QSBaseDialog.h">
      <Filter>Setup\Include</Filter>
    </ClInclude>
    <ClInclude Include="Setup\QSDialogConsts.h">
      <Filter>Setup\Include</Filter>
    </ClInclude>
    <ClInclude Include="Setup\QSDSNConfiguration.h">
      <Filter>Setup\Include</Filter>
    </ClInclude>
    <ClInclude Include="Setup\QSLoggingDialog.h">
      <Filter>Setup\Include</Filter>
    </ClInclude>
    <ClInclude Include="Setup\QSMainDialog.h">
      <Filter>Setup\Include</Filter>
    </ClInclude>
    <ClInclude Include="Setup\QSResourceHelper.h">
      <Filter>Setup\Include</Filter>
    </ClInclude>
    <ClInclude Include="Setup\QSSetupException.h">
      <Filter>Setup\Include</Filter>
    </ClInclude>
    <ClInclude Include="Setup\QSTestResultDialog.h">
      <Filter>Setup\Include</Filter>
    </ClInclude>
    <ClInclude Include="DataEngine\Filter\OperationHandlerFactory.h">
      <Filter>DataEngine\Filter\include</Filter>
    </ClInclude>
    <ClInclude Include="DataEngine\Filter\CPassdownInfo.h">
      <Filter>DataEngine\Filter\include</Filter>
    </ClInclude>
    <ClInclude Include="DataEngine\Filter\FilterHandler.h">
      <Filter>DataEngine\Filter\include</Filter>
    </ClInclude>
    <ClInclude Include="DataEngine\Filter\AbStractResultSet.h">
      <Filter>DataEngine\Filter\include</Filter>
    </ClInclude>
    <ClInclude Include="DataEngine\Filter\FilterResult.h">
      <Filter>DataEngine\Filter\include</Filter>
    </ClInclude>
    <ClInclude Include="DataEngine\Filter\IsysParameter.h">
      <Filter>DataEngine\Include</Filter>
    </ClInclude>
    <ClInclude Include="Core\IsysConn.h">
      <Filter>Core\Include</Filter>
    </ClInclude>
    <ClInclude Include="Common\IsysTable.h">
      <Filter>Common\Include</Filter>
    </ClInclude>
    <ClInclude Include="DataEngine\Filter\ColumnHolder.h">
      <Filter>DataEngine\Filter\include</Filter>
    </ClInclude>
    <ClInclude Include="IsysResult.h">
      <Filter>DataEngine\Include</Filter>
    </ClInclude>
    <ClInclude Include="DataEngine\Filter\CIAggregationHandler.h">
      <Filter>DataEngine\Filter\include</Filter>
    </ClInclude>
    <ClInclude Include="C:\Simba Technologies\SimbaEngineSDK\10.1\DataAccessComponents\Include\SQLEngine\AETree\AEAdd.h">
      <Filter>Include</Filter>
    </ClInclude>
    <ClInclude Include="C:\Simba Technologies\SimbaEngineSDK\10.1\DataAccessComponents\Include\SQLEngine\AETree\AEAggregate.h">
      <Filter>Include</Filter>
    </ClInclude>
    <ClInclude Include="C:\Simba Technologies\SimbaEngineSDK\10.1\DataAccessComponents\Include\SQLEngine\AETree\AEAggrFunction.h">
      <Filter>Include</Filter>
    </ClInclude>
    <ClInclude Include="C:\Simba Technologies\SimbaEngineSDK\10.1\DataAccessComponents\Include\SQLEngine\AETree\AEAlterTable.h">
      <Filter>Include</Filter>
    </ClInclude>
    <ClInclude Include="C:\Simba Technologies\SimbaEngineSDK\10.1\DataAccessComponents\Include\SQLEngine\AETree\AEAnd.h">
      <Filter>Include</Filter>
    </ClInclude>
    <ClInclude Include="C:\Simba Technologies\SimbaEngineSDK\10.1\DataAccessComponents\Include\SQLEngine\AETree\AEBinaryBooleanExpr.h">
      <Filter>Include</Filter>
    </ClInclude>
    <ClInclude Include="C:\Simba Technologies\SimbaEngineSDK\10.1\DataAccessComponents\Include\SQLEngine\AETree\AEBinaryExprT.h">
      <Filter>Include</Filter>
    </ClInclude>
    <ClInclude Include="C:\Simba Technologies\SimbaEngineSDK\10.1\DataAccessComponents\Include\SQLEngine\AETree\AEBinaryRelationalExpr.h">
      <Filter>Include</Filter>
    </ClInclude>
    <ClInclude Include="C:\Simba Technologies\SimbaEngineSDK\10.1\DataAccessComponents\Include\SQLEngine\AETree\AEBinaryValueExpr.h">
      <Filter>Include</Filter>
    </ClInclude>
    <ClInclude Include="C:\Simba Technologies\SimbaEngineSDK\10.1\DataAccessComponents\Include\SQLEngine\AETree\AEBooleanExpr.h">
      <Filter>Include</Filter>
    </ClInclude>
    <ClInclude Include="C:\Simba Technologies\SimbaEngineSDK\10.1\DataAccessComponents\Include\SQLEngine\AETree\AEBooleanTrue.h">
      <Filter>Include</Filter>
    </ClInclude>
    <ClInclude Include="C:\Simba Technologies\SimbaEngineSDK\10.1\DataAccessComponents\Include\SQLEngine\AETree\AEBooleanValueExpr.h">
      <Filter>Include</Filter>
    </ClInclude>
    <ClInclude Include="C:\Simba Technologies\SimbaEngineSDK\10.1\DataAccessComponents\Include\SQLEngine\AETree\AECastFn.h">
      <Filter>Include</Filter>
    </ClInclude>
    <ClInclude Include="C:\Simba Technologies\SimbaEngineSDK\10.1\DataAccessComponents\Include\SQLEngine\AETree\AECloneValidator.h">
      <Filter>Include</Filter>
    </ClInclude>
    <ClInclude Include="C:\Simba Technologies\SimbaEngineSDK\10.1\DataAccessComponents\Include\SQLEngine\AETree\AEColumn.h">
      <Filter>Include</Filter>
    </ClInclude>
    <ClInclude Include="C:\Simba Technologies\SimbaEngineSDK\10.1\DataAccessComponents\Include\SQLEngine\AETree\AEColumnInfo.h">
      <Filter>Include</Filter>
    </ClInclude>
    <ClInclude Include="C:\Simba Technologies\SimbaEngineSDK\10.1\DataAccessComponents\Include\SQLEngine\AETree\AEComparison.h">
      <Filter>Include</Filter>
    </ClInclude>
    <ClInclude Include="C:\Simba Technologies\SimbaEngineSDK\10.1\DataAccessComponents\Include\SQLEngine\AETree\AECountStarAggrFunction.h">
      <Filter>Include</Filter>
    </ClInclude>
    <ClInclude Include="C:\Simba Technologies\SimbaEngineSDK\10.1\DataAccessComponents\Include\SQLEngine\AETree\AECreateIndex.h">
      <Filter>Include</Filter>
    </ClInclude>
    <ClInclude Include="C:\Simba Technologies\SimbaEngineSDK\10.1\DataAccessComponents\Include\SQLEngine\AETree\AECreateTable.h">
      <Filter>Include</Filter>
    </ClInclude>
    <ClInclude Include="C:\Simba Technologies\SimbaEngineSDK\10.1\DataAccessComponents\Include\SQLEngine\AETree\AECreateTableAsSelect.h">
      <Filter>Include</Filter>
    </ClInclude>
    <ClInclude Include="C:\Simba Technologies\SimbaEngineSDK\10.1\DataAccessComponents\Include\SQLEngine\AETree\AECreateView.h">
      <Filter>Include</Filter>
    </ClInclude>
    <ClInclude Include="C:\Simba Technologies\SimbaEngineSDK\10.1\DataAccessComponents\Include\SQLEngine\AETree\AECrossJoin.h">
      <Filter>Include</Filter>
    </ClInclude>
    <ClInclude Include="C:\Simba Technologies\SimbaEngineSDK\10.1\DataAccessComponents\Include\SQLEngine\AETree\AECustomAggregateFn.h">
      <Filter>Include</Filter>
    </ClInclude>
    <ClInclude Include="C:\Simba Technologies\SimbaEngineSDK\10.1\DataAccessComponents\Include\SQLEngine\AETree\AECustomScalarFn.h">
      <Filter>Include</Filter>
    </ClInclude>
    <ClInclude Include="C:\Simba Technologies\SimbaEngineSDK\10.1\DataAccessComponents\Include\SQLEngine\AETree\AEDefault.h">
      <Filter>Include</Filter>
    </ClInclude>
    <ClInclude Include="C:\Simba Technologies\SimbaEngineSDK\10.1\DataAccessComponents\Include\SQLEngine\AETree\AEDistinct.h">
      <Filter>Include</Filter>
    </ClInclude>
    <ClInclude Include="C:\Simba Technologies\SimbaEngineSDK\10.1\DataAccessComponents\Include\SQLEngine\AETree\AEDivide.h">
      <Filter>Include</Filter>
    </ClInclude>
    <ClInclude Include="C:\Simba Technologies\SimbaEngineSDK\10.1\DataAccessComponents\Include\SQLEngine\AETree\AEDropIndex.h">
      <Filter>Include</Filter>
    </ClInclude>
    <ClInclude Include="C:\Simba Technologies\SimbaEngineSDK\10.1\DataAccessComponents\Include\SQLEngine\AETree\AEDropTable.h">
      <Filter>Include</Filter>
    </ClInclude>
    <ClInclude Include="C:\Simba Technologies\SimbaEngineSDK\10.1\DataAccessComponents\Include\SQLEngine\AETree\AEDropView.h">
      <Filter>Include</Filter>
    </ClInclude>
    <ClInclude Include="C:\Simba Technologies\SimbaEngineSDK\10.1\DataAccessComponents\Include\SQLEngine\AETree\AEDummyTable.h">
      <Filter>Include</Filter>
    </ClInclude>
    <ClInclude Include="C:\Simba Technologies\SimbaEngineSDK\10.1\DataAccessComponents\Include\SQLEngine\AETree\AEExcept.h">
      <Filter>Include</Filter>
    </ClInclude>
    <ClInclude Include="C:\Simba Technologies\SimbaEngineSDK\10.1\DataAccessComponents\Include\SQLEngine\AETree\AEExistsPredicate.h">
      <Filter>Include</Filter>
    </ClInclude>
    <ClInclude Include="C:\Simba Technologies\SimbaEngineSDK\10.1\DataAccessComponents\Include\SQLEngine\AETree\AEGrant.h">
      <Filter>Include</Filter>
    </ClInclude>
    <ClInclude Include="C:\Simba Technologies\SimbaEngineSDK\10.1\DataAccessComponents\Include\SQLEngine\AETree\AEGraphVizLog.h">
      <Filter>Include</Filter>
    </ClInclude>
    <ClInclude Include="C:\Simba Technologies\SimbaEngineSDK\10.1\DataAccessComponents\Include\SQLEngine\AETree\AEInPredicate.h">
      <Filter>Include</Filter>
    </ClInclude>
    <ClInclude Include="C:\Simba Technologies\SimbaEngineSDK\10.1\DataAccessComponents\Include\SQLEngine\AETree\AEInsert.h">
      <Filter>Include</Filter>
    </ClInclude>
    <ClInclude Include="C:\Simba Technologies\SimbaEngineSDK\10.1\DataAccessComponents\Include\SQLEngine\AETree\AEInsertDefaults.h">
      <Filter>Include</Filter>
    </ClInclude>
    <ClInclude Include="C:\Simba Technologies\SimbaEngineSDK\10.1\DataAccessComponents\Include\SQLEngine\AETree\AEInsertionTable.h">
      <Filter>Include</Filter>
    </ClInclude>
    <ClInclude Include="C:\Simba Technologies\SimbaEngineSDK\10.1\DataAccessComponents\Include\SQLEngine\AETree\AEIntersect.h">
      <Filter>Include</Filter>
    </ClInclude>
    <ClInclude Include="C:\Simba Technologies\SimbaEngineSDK\10.1\DataAccessComponents\Include\SQLEngine\AETree\AEIntervalLiteral.h">
      <Filter>Include</Filter>
    </ClInclude>
    <ClInclude Include="C:\Simba Technologies\SimbaEngineSDK\10.1\DataAccessComponents\Include\SQLEngine\AETree\AEJoin.h">
      <Filter>Include</Filter>
    </ClInclude>
    <ClInclude Include="C:\Simba Technologies\SimbaEngineSDK\10.1\DataAccessComponents\Include\SQLEngine\AETree\AELikePredicate.h">
      <Filter>Include</Filter>
    </ClInclude>
    <ClInclude Include="C:\Simba Technologies\SimbaEngineSDK\10.1\DataAccessComponents\Include\SQLEngine\AETree\AELiteral.h">
      <Filter>Include</Filter>
    </ClInclude>
    <ClInclude Include="C:\Simba Technologies\SimbaEngineSDK\10.1\DataAccessComponents\Include\SQLEngine\AETree\AEMerge.h">
      <Filter>Include</Filter>
    </ClInclude>
    <ClInclude Include="C:\Simba Technologies\SimbaEngineSDK\10.1\DataAccessComponents\Include\SQLEngine\AETree\AEModifiedRows.h">
      <Filter>Include</Filter>
    </ClInclude>
    <ClInclude Include="C:\Simba Technologies\SimbaEngineSDK\10.1\DataAccessComponents\Include\SQLEngine\AETree\AEMultiply.h">
      <Filter>Include</Filter>
    </ClInclude>
    <ClInclude Include="C:\Simba Technologies\SimbaEngineSDK\10.1\DataAccessComponents\Include\SQLEngine\AETree\AENamedRelationalExpr.h">
      <Filter>Include</Filter>
    </ClInclude>
    <ClInclude Include="C:\Simba Technologies\SimbaEngineSDK\10.1\DataAccessComponents\Include\SQLEngine\AETree\AENativeRelationalExpr.h">
      <Filter>Include</Filter>
    </ClInclude>
    <ClInclude Include="C:\Simba Technologies\SimbaEngineSDK\10.1\DataAccessComponents\Include\SQLEngine\AETree\AENativeValueExpr.h">
      <Filter>Include</Filter>
    </ClInclude>
    <ClInclude Include="C:\Simba Technologies\SimbaEngineSDK\10.1\DataAccessComponents\Include\SQLEngine\AETree\AENegate.h">
      <Filter>Include</Filter>
    </ClInclude>
    <ClInclude Include="C:\Simba Technologies\SimbaEngineSDK\10.1\DataAccessComponents\Include\SQLEngine\AETree\AENode.h">
      <Filter>Include</Filter>
    </ClInclude>
    <ClInclude Include="C:\Simba Technologies\SimbaEngineSDK\10.1\DataAccessComponents\Include\SQLEngine\AETree\AENodeIterator.h">
      <Filter>Include</Filter>
    </ClInclude>
    <ClInclude Include="C:\Simba Technologies\SimbaEngineSDK\10.1\DataAccessComponents\Include\SQLEngine\AETree\AENodeListT.h">
      <Filter>Include</Filter>
    </ClInclude>
    <ClInclude Include="C:\Simba Technologies\SimbaEngineSDK\10.1\DataAccessComponents\Include\SQLEngine\AETree\AENodeTypes.h">
      <Filter>Include</Filter>
    </ClInclude>
    <ClInclude Include="C:\Simba Technologies\SimbaEngineSDK\10.1\DataAccessComponents\Include\SQLEngine\AETree\AENodeUtils.h">
      <Filter>Include</Filter>
    </ClInclude>
    <ClInclude Include="C:\Simba Technologies\SimbaEngineSDK\10.1\DataAccessComponents\Include\SQLEngine\AETree\AENodeVisitor.h">
      <Filter>Include</Filter>
    </ClInclude>
    <ClInclude Include="C:\Simba Technologies\SimbaEngineSDK\10.1\DataAccessComponents\Include\SQLEngine\AETree\AENot.h">
      <Filter>Include</Filter>
    </ClInclude>
    <ClInclude Include="C:\Simba Technologies\SimbaEngineSDK\10.1\DataAccessComponents\Include\SQLEngine\AETree\AENull.h">
      <Filter>Include</Filter>
    </ClInclude>
    <ClInclude Include="C:\Simba Technologies\SimbaEngineSDK\10.1\DataAccessComponents\Include\SQLEngine\AETree\AENullPredicate.h">
      <Filter>Include</Filter>
    </ClInclude>
    <ClInclude Include="C:\Simba Technologies\SimbaEngineSDK\10.1\DataAccessComponents\Include\SQLEngine\AETree\AEOr.h">
      <Filter>Include</Filter>
    </ClInclude>
    <ClInclude Include="C:\Simba Technologies\SimbaEngineSDK\10.1\DataAccessComponents\Include\SQLEngine\AETree\AEParameter.h">
      <Filter>Include</Filter>
    </ClInclude>
    <ClInclude Include="C:\Simba Technologies\SimbaEngineSDK\10.1\DataAccessComponents\Include\SQLEngine\AETree\AEPivot.h">
      <Filter>Include</Filter>
    </ClInclude>
    <ClInclude Include="C:\Simba Technologies\SimbaEngineSDK\10.1\DataAccessComponents\Include\SQLEngine\AETree\AEPivotColumn.h">
      <Filter>Include</Filter>
    </ClInclude>
    <ClInclude Include="C:\Simba Technologies\SimbaEngineSDK\10.1\DataAccessComponents\Include\SQLEngine\AETree\AEPivotColumnList.h">
      <Filter>Include</Filter>
    </ClInclude>
    <ClInclude Include="C:\Simba Technologies\SimbaEngineSDK\10.1\DataAccessComponents\Include\SQLEngine\AETree\AEProcedure.h">
      <Filter>Include</Filter>
    </ClInclude>
    <ClInclude Include="C:\Simba Technologies\SimbaEngineSDK\10.1\DataAccessComponents\Include\SQLEngine\AETree\AEProcedureCall.h">
      <Filter>Include</Filter>
    </ClInclude>
    <ClInclude Include="C:\Simba Technologies\SimbaEngineSDK\10.1\DataAccessComponents\Include\SQLEngine\AETree\AEProject.h">
      <Filter>Include</Filter>
    </ClInclude>
    <ClInclude Include="C:\Simba Technologies\SimbaEngineSDK\10.1\DataAccessComponents\Include\SQLEngine\AETree\AEProxyColumn.h">
      <Filter>Include</Filter>
    </ClInclude>
    <ClInclude Include="C:\Simba Technologies\SimbaEngineSDK\10.1\DataAccessComponents\Include\SQLEngine\AETree\AEQColumnName.h">
      <Filter>Include</Filter>
    </ClInclude>
    <ClInclude Include="C:\Simba Technologies\SimbaEngineSDK\10.1\DataAccessComponents\Include\SQLEngine\AETree\AEQSClauseType.h">
      <Filter>Include</Filter>
    </ClInclude>
    <ClInclude Include="C:\Simba Technologies\SimbaEngineSDK\10.1\DataAccessComponents\Include\SQLEngine\AETree\AEQTableName.h">
      <Filter>Include</Filter>
    </ClInclude>
    <ClInclude Include="C:\Simba Technologies\SimbaEngineSDK\10.1\DataAccessComponents\Include\SQLEngine\AETree\AEQuantifiedComparison.h">
      <Filter>Include</Filter>
    </ClInclude>
    <ClInclude Include="C:\Simba Technologies\SimbaEngineSDK\10.1\DataAccessComponents\Include\SQLEngine\AETree\AEQuery.h">
      <Filter>Include</Filter>
    </ClInclude>
    <ClInclude Include="C:\Simba Technologies\SimbaEngineSDK\10.1\DataAccessComponents\Include\SQLEngine\AETree\AEQueryOperation.h">
      <Filter>Include</Filter>
    </ClInclude>
    <ClInclude Include="C:\Simba Technologies\SimbaEngineSDK\10.1\DataAccessComponents\Include\SQLEngine\AETree\AEQuinaryExprT.h">
      <Filter>Include</Filter>
    </ClInclude>
    <ClInclude Include="C:\Simba Technologies\SimbaEngineSDK\10.1\DataAccessComponents\Include\SQLEngine\AETree\AERelationalExpr.h">
      <Filter>Include</Filter>
    </ClInclude>
    <ClInclude Include="C:\Simba Technologies\SimbaEngineSDK\10.1\DataAccessComponents\Include\SQLEngine\AETree\AERelationshipColumn.h">
      <Filter>Include</Filter>
    </ClInclude>
    <ClInclude Include="C:\Simba Technologies\SimbaEngineSDK\10.1\DataAccessComponents\Include\SQLEngine\AETree\AERename.h">
      <Filter>Include</Filter>
    </ClInclude>
    <ClInclude Include="C:\Simba Technologies\SimbaEngineSDK\10.1\DataAccessComponents\Include\SQLEngine\AETree\AERevoke.h">
      <Filter>Include</Filter>
    </ClInclude>
    <ClInclude Include="C:\Simba Technologies\SimbaEngineSDK\10.1\DataAccessComponents\Include\SQLEngine\AETree\AERowCountStatement.h">
      <Filter>Include</Filter>
    </ClInclude>
    <ClInclude Include="C:\Simba Technologies\SimbaEngineSDK\10.1\DataAccessComponents\Include\SQLEngine\AETree\AEScalarFn.h">
      <Filter>Include</Filter>
    </ClInclude>
    <ClInclude Include="C:\Simba Technologies\SimbaEngineSDK\10.1\DataAccessComponents\Include\SQLEngine\AETree\AESearchedCase.h">
      <Filter>Include</Filter>
    </ClInclude>
    <ClInclude Include="C:\Simba Technologies\SimbaEngineSDK\10.1\DataAccessComponents\Include\SQLEngine\AETree\AESearchedDelete.h">
      <Filter>Include</Filter>
    </ClInclude>
    <ClInclude Include="C:\Simba Technologies\SimbaEngineSDK\10.1\DataAccessComponents\Include\SQLEngine\AETree\AESearchedUpdate.h">
      <Filter>Include</Filter>
    </ClInclude>
    <ClInclude Include="C:\Simba Technologies\SimbaEngineSDK\10.1\DataAccessComponents\Include\SQLEngine\AETree\AESearchedUpsert.h">
      <Filter>Include</Filter>
    </ClInclude>
    <ClInclude Include="C:\Simba Technologies\SimbaEngineSDK\10.1\DataAccessComponents\Include\SQLEngine\AETree\AESearchedWhenClause.h">
      <Filter>Include</Filter>
    </ClInclude>
    <ClInclude Include="C:\Simba Technologies\SimbaEngineSDK\10.1\DataAccessComponents\Include\SQLEngine\AETree\AESelect.h">
      <Filter>Include</Filter>
    </ClInclude>
    <ClInclude Include="C:\Simba Technologies\SimbaEngineSDK\10.1\DataAccessComponents\Include\SQLEngine\AETree\AESetCatalog.h">
      <Filter>Include</Filter>
    </ClInclude>
    <ClInclude Include="C:\Simba Technologies\SimbaEngineSDK\10.1\DataAccessComponents\Include\SQLEngine\AETree\AESetClause.h">
      <Filter>Include</Filter>
    </ClInclude>
    <ClInclude Include="C:\Simba Technologies\SimbaEngineSDK\10.1\DataAccessComponents\Include\SQLEngine\AETree\AESetClauseList.h">
      <Filter>Include</Filter>
    </ClInclude>
    <ClInclude Include="C:\Simba Technologies\SimbaEngineSDK\10.1\DataAccessComponents\Include\SQLEngine\AETree\AESetOperation.h">
      <Filter>Include</Filter>
    </ClInclude>
    <ClInclude Include="C:\Simba Technologies\SimbaEngineSDK\10.1\DataAccessComponents\Include\SQLEngine\AETree\AESetSchema.h">
      <Filter>Include</Filter>
    </ClInclude>
    <ClInclude Include="C:\Simba Technologies\SimbaEngineSDK\10.1\DataAccessComponents\Include\SQLEngine\AETree\AESetStatement.h">
      <Filter>Include</Filter>
    </ClInclude>
    <ClInclude Include="C:\Simba Technologies\SimbaEngineSDK\10.1\DataAccessComponents\Include\SQLEngine\AETree\AESimpleCase.h">
      <Filter>Include</Filter>
    </ClInclude>
    <ClInclude Include="C:\Simba Technologies\SimbaEngineSDK\10.1\DataAccessComponents\Include\SQLEngine\AETree\AESimpleWhenClause.h">
      <Filter>Include</Filter>
    </ClInclude>
    <ClInclude Include="C:\Simba Technologies\SimbaEngineSDK\10.1\DataAccessComponents\Include\SQLEngine\AETree\AESort.h">
      <Filter>Include</Filter>
    </ClInclude>
    <ClInclude Include="C:\Simba Technologies\SimbaEngineSDK\10.1\DataAccessComponents\Include\SQLEngine\AETree\AESqlTypesLookupTable.h">
      <Filter>Include</Filter>
    </ClInclude>
    <ClInclude Include="C:\Simba Technologies\SimbaEngineSDK\10.1\DataAccessComponents\Include\SQLEngine\AETree\AEStatement.h">
      <Filter>Include</Filter>
    </ClInclude>
    <ClInclude Include="C:\Simba Technologies\SimbaEngineSDK\10.1\DataAccessComponents\Include\SQLEngine\AETree\AEStatements.h">
      <Filter>Include</Filter>
    </ClInclude>
    <ClInclude Include="C:\Simba Technologies\SimbaEngineSDK\10.1\DataAccessComponents\Include\SQLEngine\AETree\AESubQuery.h">
      <Filter>Include</Filter>
    </ClInclude>
    <ClInclude Include="C:\Simba Technologies\SimbaEngineSDK\10.1\DataAccessComponents\Include\SQLEngine\AETree\AESubtract.h">
      <Filter>Include</Filter>
    </ClInclude>
    <ClInclude Include="C:\Simba Technologies\SimbaEngineSDK\10.1\DataAccessComponents\Include\SQLEngine\AETree\AETable.h">
      <Filter>Include</Filter>
    </ClInclude>
    <ClInclude Include="C:\Simba Technologies\SimbaEngineSDK\10.1\DataAccessComponents\Include\SQLEngine\AETree\AETableConstructor.h">
      <Filter>Include</Filter>
    </ClInclude>
    <ClInclude Include="C:\Simba Technologies\SimbaEngineSDK\10.1\DataAccessComponents\Include\SQLEngine\AETree\AETerminalExprT.h">
      <Filter>Include</Filter>
    </ClInclude>
    <ClInclude Include="C:\Simba Technologies\SimbaEngineSDK\10.1\DataAccessComponents\Include\SQLEngine\AETree\AETernaryExprT.h">
      <Filter>Include</Filter>
    </ClInclude>
    <ClInclude Include="C:\Simba Technologies\SimbaEngineSDK\10.1\DataAccessComponents\Include\SQLEngine\AETree\AETop.h">
      <Filter>Include</Filter>
    </ClInclude>
    <ClInclude Include="C:\Simba Technologies\SimbaEngineSDK\10.1\DataAccessComponents\Include\SQLEngine\AETree\AETopNSort.h">
      <Filter>Include</Filter>
    </ClInclude>
    <ClInclude Include="C:\Simba Technologies\SimbaEngineSDK\10.1\DataAccessComponents\Include\SQLEngine\AETree\AETreeLog.h">
      <Filter>Include</Filter>
    </ClInclude>
    <ClInclude Include="C:\Simba Technologies\SimbaEngineSDK\10.1\DataAccessComponents\Include\SQLEngine\AETree\AETreeLogVisitor.h">
      <Filter>Include</Filter>
    </ClInclude>
    <ClInclude Include="C:\Simba Technologies\SimbaEngineSDK\10.1\DataAccessComponents\Include\SQLEngine\AETree\AETreeWalker.h">
      <Filter>Include</Filter>
    </ClInclude>
    <ClInclude Include="C:\Simba Technologies\SimbaEngineSDK\10.1\DataAccessComponents\Include\SQLEngine\AETree\AEUnaryExprT.h">
      <Filter>Include</Filter>
    </ClInclude>
    <ClInclude Include="C:\Simba Technologies\SimbaEngineSDK\10.1\DataAccessComponents\Include\SQLEngine\AETree\AEUnaryRelationalExpr.h">
      <Filter>Include</Filter>
    </ClInclude>
    <ClInclude Include="C:\Simba Technologies\SimbaEngineSDK\10.1\DataAccessComponents\Include\SQLEngine\AETree\AEUnaryValueExpr.h">
      <Filter>Include</Filter>
    </ClInclude>
    <ClInclude Include="C:\Simba Technologies\SimbaEngineSDK\10.1\DataAccessComponents\Include\SQLEngine\AETree\AEUnion.h">
      <Filter>Include</Filter>
    </ClInclude>
    <ClInclude Include="C:\Simba Technologies\SimbaEngineSDK\10.1\DataAccessComponents\Include\SQLEngine\AETree\AEUnpivot.h">
      <Filter>Include</Filter>
    </ClInclude>
    <ClInclude Include="C:\Simba Technologies\SimbaEngineSDK\10.1\DataAccessComponents\Include\SQLEngine\AETree\AEUnpivotGroupDefinition.h">
      <Filter>Include</Filter>
    </ClInclude>
    <ClInclude Include="C:\Simba Technologies\SimbaEngineSDK\10.1\DataAccessComponents\Include\SQLEngine\AETree\AEUnpivotGroupDefinitionList.h">
      <Filter>Include</Filter>
    </ClInclude>
    <ClInclude Include="C:\Simba Technologies\SimbaEngineSDK\10.1\DataAccessComponents\Include\SQLEngine\AETree\AEValueExpr.h">
      <Filter>Include</Filter>
    </ClInclude>
    <ClInclude Include="C:\Simba Technologies\SimbaEngineSDK\10.1\DataAccessComponents\Include\SQLEngine\AETree\AEValueList.h">
      <Filter>Include</Filter>
    </ClInclude>
    <ClInclude Include="C:\Simba Technologies\SimbaEngineSDK\10.1\DataAccessComponents\Include\SQLEngine\AETree\AEValueSubQuery.h">
      <Filter>Include</Filter>
    </ClInclude>
  </ItemGroup>
  <ItemGroup>
    <None Include="exports.def" />
    <None Include="..\ErrorMessages\en-US\QSMessages.xml">
      <Filter>Messages</Filter>
    </None>
  </ItemGroup>
  <ItemGroup>
    <ResourceCompile Include="Resources\QuickstartVersion.rc">
      <Filter>Resources</Filter>
    </ResourceCompile>
    <ResourceCompile Include="Resources\Dialogs.rc">
      <Filter>Resources</Filter>
    </ResourceCompile>
  </ItemGroup>
  <ItemGroup>
    <CustomBuildStep Include="DataEngine\QSTable.h">
      <Filter>DataEngine\Include</Filter>
    </CustomBuildStep>
  </ItemGroup>
  <ItemGroup>
    <Image Include="Resources\simba.ico">
      <Filter>Resources</Filter>
    </Image>
  </ItemGroup>
</Project>